// !$*UTF8*$!
{
	archiveVersion = 1;
	classes = {
	};
	objectVersion = 56;
	objects = {

/* Begin PBXBuildFile section */
		503D1EFA2A023FC000D646B2 /* AppDelegate.swift in Sources */ = {isa = PBXBuildFile; fileRef = 503D1EF92A023FC000D646B2 /* AppDelegate.swift */; };
		503D1EFC2A023FC000D646B2 /* SceneDelegate.swift in Sources */ = {isa = PBXBuildFile; fileRef = 503D1EFB2A023FC000D646B2 /* SceneDelegate.swift */; };
		503D1EFE2A023FC000D646B2 /* ViewController.swift in Sources */ = {isa = PBXBuildFile; fileRef = 503D1EFD2A023FC000D646B2 /* ViewController.swift */; };
		503D1F012A023FC000D646B2 /* Main.storyboard in Resources */ = {isa = PBXBuildFile; fileRef = 503D1EFF2A023FC000D646B2 /* Main.storyboard */; };
		503D1F032A023FC200D646B2 /* Assets.xcassets in Resources */ = {isa = PBXBuildFile; fileRef = 503D1F022A023FC200D646B2 /* Assets.xcassets */; };
		503D1F062A023FC200D646B2 /* LaunchScreen.storyboard in Resources */ = {isa = PBXBuildFile; fileRef = 503D1F042A023FC200D646B2 /* LaunchScreen.storyboard */; };
		503D1F0E2A02405400D646B2 /* ToDo.swift in Sources */ = {isa = PBXBuildFile; fileRef = 503D1F0D2A02405400D646B2 /* ToDo.swift */; };
		503D1F102A0240FF00D646B2 /* ToDoTableViewController.swift in Sources */ = {isa = PBXBuildFile; fileRef = 503D1F0F2A0240FF00D646B2 /* ToDoTableViewController.swift */; };
		50CD7B232A02F62A00311698 /* ToDoDetailTableViewController.swift in Sources */ = {isa = PBXBuildFile; fileRef = 50CD7B222A02F62A00311698 /* ToDoDetailTableViewController.swift */; };
		50CD7B272A04169D00311698 /* ToDoCell.swift in Sources */ = {isa = PBXBuildFile; fileRef = 50CD7B262A04169D00311698 /* ToDoCell.swift */; };
/* End PBXBuildFile section */

/* Begin PBXFileReference section */
		503D1EF62A023FC000D646B2 /* ToDoList_Farag.app */ = {isa = PBXFileReference; explicitFileType = wrapper.application; includeInIndex = 0; path = ToDoList_Farag.app; sourceTree = BUILT_PRODUCTS_DIR; };
		503D1EF92A023FC000D646B2 /* AppDelegate.swift */ = {isa = PBXFileReference; lastKnownFileType = sourcecode.swift; path = AppDelegate.swift; sourceTree = "<group>"; };
		503D1EFB2A023FC000D646B2 /* SceneDelegate.swift */ = {isa = PBXFileReference; lastKnownFileType = sourcecode.swift; path = SceneDelegate.swift; sourceTree = "<group>"; };
		503D1EFD2A023FC000D646B2 /* ViewController.swift */ = {isa = PBXFileReference; lastKnownFileType = sourcecode.swift; path = ViewController.swift; sourceTree = "<group>"; };
		503D1F002A023FC000D646B2 /* Base */ = {isa = PBXFileReference; lastKnownFileType = file.storyboard; name = Base; path = Base.lproj/Main.storyboard; sourceTree = "<group>"; };
		503D1F022A023FC200D646B2 /* Assets.xcassets */ = {isa = PBXFileReference; lastKnownFileType = folder.assetcatalog; path = Assets.xcassets; sourceTree = "<group>"; };
		503D1F052A023FC200D646B2 /* Base */ = {isa = PBXFileReference; lastKnownFileType = file.storyboard; name = Base; path = Base.lproj/LaunchScreen.storyboard; sourceTree = "<group>"; };
		503D1F0D2A02405400D646B2 /* ToDo.swift */ = {isa = PBXFileReference; lastKnownFileType = sourcecode.swift; path = ToDo.swift; sourceTree = "<group>"; };
		503D1F0F2A0240FF00D646B2 /* ToDoTableViewController.swift */ = {isa = PBXFileReference; lastKnownFileType = sourcecode.swift; path = ToDoTableViewController.swift; sourceTree = "<group>"; };
		50875D582A046541008318BF /* Base */ = {isa = PBXFileReference; lastKnownFileType = text.plist.xml; name = Base; path = Base.lproj/Info.plist; sourceTree = "<group>"; };
		50CD7B222A02F62A00311698 /* ToDoDetailTableViewController.swift */ = {isa = PBXFileReference; lastKnownFileType = sourcecode.swift; path = ToDoDetailTableViewController.swift; sourceTree = "<group>"; };
		50CD7B262A04169D00311698 /* ToDoCell.swift */ = {isa = PBXFileReference; lastKnownFileType = sourcecode.swift; path = ToDoCell.swift; sourceTree = "<group>"; };
/* End PBXFileReference section */

/* Begin PBXFrameworksBuildPhase section */
		503D1EF32A023FC000D646B2 /* Frameworks */ = {
			isa = PBXFrameworksBuildPhase;
			buildActionMask = 2147483647;
			files = (
			);
			runOnlyForDeploymentPostprocessing = 0;
		};
/* End PBXFrameworksBuildPhase section */

/* Begin PBXGroup section */
		503D1EED2A023FC000D646B2 = {
			isa = PBXGroup;
			children = (
				503D1EF82A023FC000D646B2 /* ToDoList_Farag */,
				503D1EF72A023FC000D646B2 /* Products */,
			);
			sourceTree = "<group>";
		};
		503D1EF72A023FC000D646B2 /* Products */ = {
			isa = PBXGroup;
			children = (
				503D1EF62A023FC000D646B2 /* ToDoList_Farag.app */,
			);
			name = Products;
			sourceTree = "<group>";
		};
		503D1EF82A023FC000D646B2 /* ToDoList_Farag */ = {
			isa = PBXGroup;
			children = (
				503D1EF92A023FC000D646B2 /* AppDelegate.swift */,
				503D1EFB2A023FC000D646B2 /* SceneDelegate.swift */,
				503D1EFD2A023FC000D646B2 /* ViewController.swift */,
				503D1F0F2A0240FF00D646B2 /* ToDoTableViewController.swift */,
				503D1F0D2A02405400D646B2 /* ToDo.swift */,
				503D1EFF2A023FC000D646B2 /* Main.storyboard */,
				50CD7B222A02F62A00311698 /* ToDoDetailTableViewController.swift */,
				50CD7B262A04169D00311698 /* ToDoCell.swift */,
				503D1F022A023FC200D646B2 /* Assets.xcassets */,
				503D1F042A023FC200D646B2 /* LaunchScreen.storyboard */,
				50875D592A046541008318BF /* Info.plist */,
			);
			path = ToDoList_Farag;
			sourceTree = "<group>";
		};
/* End PBXGroup section */

/* Begin PBXNativeTarget section */
		503D1EF52A023FC000D646B2 /* ToDoList_Farag */ = {
			isa = PBXNativeTarget;
			buildConfigurationList = 503D1F0A2A023FC200D646B2 /* Build configuration list for PBXNativeTarget "ToDoList_Farag" */;
			buildPhases = (
				503D1EF22A023FC000D646B2 /* Sources */,
				503D1EF32A023FC000D646B2 /* Frameworks */,
				503D1EF42A023FC000D646B2 /* Resources */,
			);
			buildRules = (
			);
			dependencies = (
			);
			name = ToDoList_Farag;
			productName = ToDoList_Farag;
			productReference = 503D1EF62A023FC000D646B2 /* ToDoList_Farag.app */;
			productType = "com.apple.product-type.application";
		};
/* End PBXNativeTarget section */

/* Begin PBXProject section */
		503D1EEE2A023FC000D646B2 /* Project object */ = {
			isa = PBXProject;
			attributes = {
				BuildIndependentTargetsInParallel = 1;
				LastSwiftUpdateCheck = 1400;
				LastUpgradeCheck = 1400;
				ORGANIZATIONNAME = "Rutgers (Awab Farag)";
				TargetAttributes = {
					503D1EF52A023FC000D646B2 = {
						CreatedOnToolsVersion = 14.0.1;
					};
				};
			};
			buildConfigurationList = 503D1EF12A023FC000D646B2 /* Build configuration list for PBXProject "ToDoList_Farag" */;
			compatibilityVersion = "Xcode 14.0";
			developmentRegion = en;
			hasScannedForEncodings = 0;
			knownRegions = (
				en,
				Base,
			);
			mainGroup = 503D1EED2A023FC000D646B2;
			productRefGroup = 503D1EF72A023FC000D646B2 /* Products */;
			projectDirPath = "";
			projectRoot = "";
			targets = (
				503D1EF52A023FC000D646B2 /* ToDoList_Farag */,
			);
		};
/* End PBXProject section */

/* Begin PBXResourcesBuildPhase section */
		503D1EF42A023FC000D646B2 /* Resources */ = {
			isa = PBXResourcesBuildPhase;
			buildActionMask = 2147483647;
			files = (
				503D1F062A023FC200D646B2 /* LaunchScreen.storyboard in Resources */,
				503D1F032A023FC200D646B2 /* Assets.xcassets in Resources */,
				503D1F012A023FC000D646B2 /* Main.storyboard in Resources */,
			);
			runOnlyForDeploymentPostprocessing = 0;
		};
/* End PBXResourcesBuildPhase section */

/* Begin PBXSourcesBuildPhase section */
		503D1EF22A023FC000D646B2 /* Sources */ = {
			isa = PBXSourcesBuildPhase;
			buildActionMask = 2147483647;
			files = (
				50CD7B232A02F62A00311698 /* ToDoDetailTableViewController.swift in Sources */,
				503D1EFE2A023FC000D646B2 /* ViewController.swift in Sources */,
				50CD7B272A04169D00311698 /* ToDoCell.swift in Sources */,
				503D1EFA2A023FC000D646B2 /* AppDelegate.swift in Sources */,
				503D1EFC2A023FC000D646B2 /* SceneDelegate.swift in Sources */,
				503D1F0E2A02405400D646B2 /* ToDo.swift in Sources */,
				503D1F102A0240FF00D646B2 /* ToDoTableViewController.swift in Sources */,
			);
			runOnlyForDeploymentPostprocessing = 0;
		};
/* End PBXSourcesBuildPhase section */

/* Begin PBXVariantGroup section */
		503D1EFF2A023FC000D646B2 /* Main.storyboard */ = {
			isa = PBXVariantGroup;
			children = (
				503D1F002A023FC000D646B2 /* Base */,
			);
			name = Main.storyboard;
			sourceTree = "<group>";
		};
		503D1F042A023FC200D646B2 /* LaunchScreen.storyboard */ = {
			isa = PBXVariantGroup;
			children = (
				503D1F052A023FC200D646B2 /* Base */,
			);
			name = LaunchScreen.storyboard;
			sourceTree = "<group>";
		};
		50875D592A046541008318BF /* Info.plist */ = {
			isa = PBXVariantGroup;
			children = (
				50875D582A046541008318BF /* Base */,
			);
			name = Info.plist;
			sourceTree = "<group>";
		};
/* End PBXVariantGroup section */

/* Begin XCBuildConfiguration section */
		503D1F082A023FC200D646B2 /* Debug */ = {
			isa = XCBuildConfiguration;
			buildSettings = {
				ALWAYS_SEARCH_USER_PATHS = NO;
				CLANG_ANALYZER_NONNULL = YES;
				CLANG_ANALYZER_NUMBER_OBJECT_CONVERSION = YES_AGGRESSIVE;
				CLANG_CXX_LANGUAGE_STANDARD = "gnu++20";
				CLANG_ENABLE_MODULES = YES;
				CLANG_ENABLE_OBJC_ARC = YES;
				CLANG_ENABLE_OBJC_WEAK = YES;
				CLANG_WARN_BLOCK_CAPTURE_AUTORELEASING = YES;
				CLANG_WARN_BOOL_CONVERSION = YES;
				CLANG_WARN_COMMA = YES;
				CLANG_WARN_CONSTANT_CONVERSION = YES;
				CLANG_WARN_DEPRECATED_OBJC_IMPLEMENTATIONS = YES;
				CLANG_WARN_DIRECT_OBJC_ISA_USAGE = YES_ERROR;
				CLANG_WARN_DOCUMENTATION_COMMENTS = YES;
				CLANG_WARN_EMPTY_BODY = YES;
				CLANG_WARN_ENUM_CONVERSION = YES;
				CLANG_WARN_INFINITE_RECURSION = YES;
				CLANG_WARN_INT_CONVERSION = YES;
				CLANG_WARN_NON_LITERAL_NULL_CONVERSION = YES;
				CLANG_WARN_OBJC_IMPLICIT_RETAIN_SELF = YES;
				CLANG_WARN_OBJC_LITERAL_CONVERSION = YES;
				CLANG_WARN_OBJC_ROOT_CLASS = YES_ERROR;
				CLANG_WARN_QUOTED_INCLUDE_IN_FRAMEWORK_HEADER = YES;
				CLANG_WARN_RANGE_LOOP_ANALYSIS = YES;
				CLANG_WARN_STRICT_PROTOTYPES = YES;
				CLANG_WARN_SUSPICIOUS_MOVE = YES;
				CLANG_WARN_UNGUARDED_AVAILABILITY = YES_AGGRESSIVE;
				CLANG_WARN_UNREACHABLE_CODE = YES;
				CLANG_WARN__DUPLICATE_METHOD_MATCH = YES;
				COPY_PHASE_STRIP = NO;
				DEBUG_INFORMATION_FORMAT = dwarf;
				ENABLE_STRICT_OBJC_MSGSEND = YES;
				ENABLE_TESTABILITY = YES;
				GCC_C_LANGUAGE_STANDARD = gnu11;
				GCC_DYNAMIC_NO_PIC = NO;
				GCC_NO_COMMON_BLOCKS = YES;
				GCC_OPTIMIZATION_LEVEL = 0;
				GCC_PREPROCESSOR_DEFINITIONS = (
					"DEBUG=1",
					"$(inherited)",
				);
				GCC_WARN_64_TO_32_BIT_CONVERSION = YES;
				GCC_WARN_ABOUT_RETURN_TYPE = YES_ERROR;
				GCC_WARN_UNDECLARED_SELECTOR = YES;
				GCC_WARN_UNINITIALIZED_AUTOS = YES_AGGRESSIVE;
				GCC_WARN_UNUSED_FUNCTION = YES;
				GCC_WARN_UNUSED_VARIABLE = YES;
				IPHONEOS_DEPLOYMENT_TARGET = 16.0;
				MTL_ENABLE_DEBUG_INFO = INCLUDE_SOURCE;
				MTL_FAST_MATH = YES;
				ONLY_ACTIVE_ARCH = YES;
				SDKROOT = iphoneos;
				SWIFT_ACTIVE_COMPILATION_CONDITIONS = DEBUG;
				SWIFT_OPTIMIZATION_LEVEL = "-Onone";
			};
			name = Debug;
		};
		503D1F092A023FC200D646B2 /* Release */ = {
			isa = XCBuildConfiguration;
			buildSettings = {
				ALWAYS_SEARCH_USER_PATHS = NO;
				CLANG_ANALYZER_NONNULL = YES;
				CLANG_ANALYZER_NUMBER_OBJECT_CONVERSION = YES_AGGRESSIVE;
				CLANG_CXX_LANGUAGE_STANDARD = "gnu++20";
				CLANG_ENABLE_MODULES = YES;
				CLANG_ENABLE_OBJC_ARC = YES;
				CLANG_ENABLE_OBJC_WEAK = YES;
				CLANG_WARN_BLOCK_CAPTURE_AUTORELEASING = YES;
				CLANG_WARN_BOOL_CONVERSION = YES;
				CLANG_WARN_COMMA = YES;
				CLANG_WARN_CONSTANT_CONVERSION = YES;
				CLANG_WARN_DEPRECATED_OBJC_IMPLEMENTATIONS = YES;
				CLANG_WARN_DIRECT_OBJC_ISA_USAGE = YES_ERROR;
				CLANG_WARN_DOCUMENTATION_COMMENTS = YES;
				CLANG_WARN_EMPTY_BODY = YES;
				CLANG_WARN_ENUM_CONVERSION = YES;
				CLANG_WARN_INFINITE_RECURSION = YES;
				CLANG_WARN_INT_CONVERSION = YES;
				CLANG_WARN_NON_LITERAL_NULL_CONVERSION = YES;
				CLANG_WARN_OBJC_IMPLICIT_RETAIN_SELF = YES;
				CLANG_WARN_OBJC_LITERAL_CONVERSION = YES;
				CLANG_WARN_OBJC_ROOT_CLASS = YES_ERROR;
				CLANG_WARN_QUOTED_INCLUDE_IN_FRAMEWORK_HEADER = YES;
				CLANG_WARN_RANGE_LOOP_ANALYSIS = YES;
				CLANG_WARN_STRICT_PROTOTYPES = YES;
				CLANG_WARN_SUSPICIOUS_MOVE = YES;
				CLANG_WARN_UNGUARDED_AVAILABILITY = YES_AGGRESSIVE;
				CLANG_WARN_UNREACHABLE_CODE = YES;
				CLANG_WARN__DUPLICATE_METHOD_MATCH = YES;
				COPY_PHASE_STRIP = NO;
				DEBUG_INFORMATION_FORMAT = "dwarf-with-dsym";
				ENABLE_NS_ASSERTIONS = NO;
				ENABLE_STRICT_OBJC_MSGSEND = YES;
				GCC_C_LANGUAGE_STANDARD = gnu11;
				GCC_NO_COMMON_BLOCKS = YES;
				GCC_WARN_64_TO_32_BIT_CONVERSION = YES;
				GCC_WARN_ABOUT_RETURN_TYPE = YES_ERROR;
				GCC_WARN_UNDECLARED_SELECTOR = YES;
				GCC_WARN_UNINITIALIZED_AUTOS = YES_AGGRESSIVE;
				GCC_WARN_UNUSED_FUNCTION = YES;
				GCC_WARN_UNUSED_VARIABLE = YES;
				IPHONEOS_DEPLOYMENT_TARGET = 16.0;
				MTL_ENABLE_DEBUG_INFO = NO;
				MTL_FAST_MATH = YES;
				SDKROOT = iphoneos;
				SWIFT_COMPILATION_MODE = wholemodule;
				SWIFT_OPTIMIZATION_LEVEL = "-O";
				VALIDATE_PRODUCT = YES;
			};
			name = Release;
		};
		503D1F0B2A023FC200D646B2 /* Debug */ = {
			isa = XCBuildConfiguration;
			buildSettings = {
				ASSETCATALOG_COMPILER_APPICON_NAME = AppIcon;
				ASSETCATALOG_COMPILER_GLOBAL_ACCENT_COLOR_NAME = AccentColor;
				CODE_SIGN_STYLE = Automatic;
				CURRENT_PROJECT_VERSION = 1;
				DEVELOPMENT_TEAM = CCYDPZNXCV;
				GENERATE_INFOPLIST_FILE = YES;
				INFOPLIST_FILE = /Users/awabfarag/Desktop/ToDoList_Farag/ToDoList_Farag/ToDoList_Farag/Base.lproj/Info.plist;
				INFOPLIST_KEY_UIApplicationSupportsIndirectInputEvents = YES;
				INFOPLIST_KEY_UILaunchStoryboardName = LaunchScreen;
				INFOPLIST_KEY_UIMainStoryboardFile = Main;
				INFOPLIST_KEY_UISupportedInterfaceOrientations_iPad = "UIInterfaceOrientationPortrait UIInterfaceOrientationPortraitUpsideDown UIInterfaceOrientationLandscapeLeft UIInterfaceOrientationLandscapeRight";
				INFOPLIST_KEY_UISupportedInterfaceOrientations_iPhone = "UIInterfaceOrientationPortrait UIInterfaceOrientationLandscapeLeft UIInterfaceOrientationLandscapeRight";
				IPHONEOS_DEPLOYMENT_TARGET = 15.5;
				LD_RUNPATH_SEARCH_PATHS = (
					"$(inherited)",
					"@executable_path/Frameworks",
				);
				MARKETING_VERSION = 1.0;
				PRODUCT_BUNDLE_IDENTIFIER = "Awab-Farag-Rutgers.ToDoList-Farag";
				PRODUCT_NAME = "$(TARGET_NAME)";
				SWIFT_EMIT_LOC_STRINGS = YES;
				SWIFT_VERSION = 5.0;
				TARGETED_DEVICE_FAMILY = "1,2";
			};
			name = Debug;
		};
		503D1F0C2A023FC200D646B2 /* Release */ = {
			isa = XCBuildConfiguration;
			buildSettings = {
				ASSETCATALOG_COMPILER_APPICON_NAME = AppIcon;
				ASSETCATALOG_COMPILER_GLOBAL_ACCENT_COLOR_NAME = AccentColor;
				CODE_SIGN_STYLE = Automatic;
				CURRENT_PROJECT_VERSION = 1;
				DEVELOPMENT_TEAM = CCYDPZNXCV;
				GENERATE_INFOPLIST_FILE = YES;
				INFOPLIST_FILE = /Users/awabfarag/Desktop/ToDoList_Farag/ToDoList_Farag/ToDoList_Farag/Base.lproj/Info.plist;
				INFOPLIST_KEY_UIApplicationSupportsIndirectInputEvents = YES;
				INFOPLIST_KEY_UILaunchStoryboardName = LaunchScreen;
				INFOPLIST_KEY_UIMainStoryboardFile = Main;
				INFOPLIST_KEY_UISupportedInterfaceOrientations_iPad = "UIInterfaceOrientationPortrait UIInterfaceOrientationPortraitUpsideDown UIInterfaceOrientationLandscapeLeft UIInterfaceOrientationLandscapeRight";
				INFOPLIST_KEY_UISupportedInterfaceOrientations_iPhone = "UIInterfaceOrientationPortrait UIInterfaceOrientationLandscapeLeft UIInterfaceOrientationLandscapeRight";
				IPHONEOS_DEPLOYMENT_TARGET = 15.5;
				LD_RUNPATH_SEARCH_PATHS = (
					"$(inherited)",
					"@executable_path/Frameworks",
				);
				MARKETING_VERSION = 1.0;
				PRODUCT_BUNDLE_IDENTIFIER = "Awab-Farag-Rutgers.ToDoList-Farag";
				PRODUCT_NAME = "$(TARGET_NAME)";
				SWIFT_EMIT_LOC_STRINGS = YES;
				SWIFT_VERSION = 5.0;
				TARGETED_DEVICE_FAMILY = "1,2";
			};
			name = Release;
		};
/* End XCBuildConfiguration section */

/* Begin XCConfigurationList section */
		503D1EF12A023FC000D646B2 /* Build configuration list for PBXProject "ToDoList_Farag" */ = {
			isa = XCConfigurationList;
			buildConfigurations = (
				503D1F082A023FC200D646B2 /* Debug */,
				503D1F092A023FC200D646B2 /* Release */,
			);
			defaultConfigurationIsVisible = 0;
			defaultConfigurationName = Release;
		};
		503D1F0A2A023FC200D646B2 /* Build configuration list for PBXNativeTarget "ToDoList_Farag" */ = {
			isa = XCConfigurationList;
			buildConfigurations = (
				503D1F0B2A023FC200D646B2 /* Debug */,
				503D1F0C2A023FC200D646B2 /* Release */,
			);
			defaultConfigurationIsVisible = 0;
			defaultConfigurationName = Release;
		};
/* End XCConfigurationList section */
	};
	rootObject = 503D1EEE2A023FC000D646B2 /* Project object */;
}
